// !$*UTF8*$!
{
	archiveVersion = 1;
	classes = {
	};
	objectVersion = 50;
	objects = {

/* Begin PBXBuildFile section */
		D11D7D3E25A76D9200CA4369 /* cw_12App.swift in Sources */ = {isa = PBXBuildFile; fileRef = D11D7D3D25A76D9200CA4369 /* cw_12App.swift */; };
		D11D7D4025A76D9200CA4369 /* ContentView.swift in Sources */ = {isa = PBXBuildFile; fileRef = D11D7D3F25A76D9200CA4369 /* ContentView.swift */; };
		D11D7D4225A76D9300CA4369 /* Assets.xcassets in Resources */ = {isa = PBXBuildFile; fileRef = D11D7D4125A76D9300CA4369 /* Assets.xcassets */; };
		D11D7D4525A76D9300CA4369 /* Preview Assets.xcassets in Resources */ = {isa = PBXBuildFile; fileRef = D11D7D4425A76D9300CA4369 /* Preview Assets.xcassets */; };
		D11D7D4E25A76DCE00CA4369 /* SecondePage.swift in Sources */ = {isa = PBXBuildFile; fileRef = D11D7D4D25A76DCE00CA4369 /* SecondePage.swift */; };
		D11D7D5125A77B4400CA4369 /* Env.swift in Sources */ = {isa = PBXBuildFile; fileRef = D11D7D5025A77B4400CA4369 /* Env.swift */; };
/* End PBXBuildFile section */

/* Begin PBXFileReference section */
		D11D7D3A25A76D9200CA4369 /* cw-12.app */ = {isa = PBXFileReference; explicitFileType = wrapper.application; includeInIndex = 0; path = "cw-12.app"; sourceTree = BUILT_PRODUCTS_DIR; };
		D11D7D3D25A76D9200CA4369 /* cw_12App.swift */ = {isa = PBXFileReference; lastKnownFileType = sourcecode.swift; path = cw_12App.swift; sourceTree = "<group>"; };
		D11D7D3F25A76D9200CA4369 /* ContentView.swift */ = {isa = PBXFileReference; lastKnownFileType = sourcecode.swift; path = ContentView.swift; sourceTree = "<group>"; };
		D11D7D4125A76D9300CA4369 /* Assets.xcassets */ = {isa = PBXFileReference; lastKnownFileType = folder.assetcatalog; path = Assets.xcassets; sourceTree = "<group>"; };
		D11D7D4425A76D9300CA4369 /* Preview Assets.xcassets */ = {isa = PBXFileReference; lastKnownFileType = folder.assetcatalog; path = "Preview Assets.xcassets"; sourceTree = "<group>"; };
		D11D7D4625A76D9300CA4369 /* Info.plist */ = {isa = PBXFileReference; lastKnownFileType = text.plist.xml; path = Info.plist; sourceTree = "<group>"; };
		D11D7D4D25A76DCE00CA4369 /* SecondePage.swift */ = {isa = PBXFileReference; lastKnownFileType = sourcecode.swift; path = SecondePage.swift; sourceTree = "<group>"; };
		D11D7D5025A77B4400CA4369 /* Env.swift */ = {isa = PBXFileReference; lastKnownFileType = sourcecode.swift; path = Env.swift; sourceTree = "<group>"; };
/* End PBXFileReference section */

/* Begin PBXFrameworksBuildPhase section */
		D11D7D3725A76D9200CA4369 /* Frameworks */ = {
			isa = PBXFrameworksBuildPhase;
			buildActionMask = 2147483647;
			files = (
			);
			runOnlyForDeploymentPostprocessing = 0;
		};
/* End PBXFrameworksBuildPhase section */

/* Begin PBXGroup section */
		D11D7D3125A76D9100CA4369 = {
			isa = PBXGroup;
			children = (
				D11D7D3C25A76D9200CA4369 /* cw-12 */,
				D11D7D3B25A76D9200CA4369 /* Products */,
			);
			sourceTree = "<group>";
		};
		D11D7D3B25A76D9200CA4369 /* Products */ = {
			isa = PBXGroup;
			children = (
				D11D7D3A25A76D9200CA4369 /* cw-12.app */,
			);
			name = Products;
			sourceTree = "<group>";
		};
		D11D7D3C25A76D9200CA4369 /* cw-12 */ = {
			isa = PBXGroup;
			children = (
				D11D7D5025A77B4400CA4369 /* Env.swift */,
				D11D7D3D25A76D9200CA4369 /* cw_12App.swift */,
				D11D7D3F25A76D9200CA4369 /* ContentView.swift */,
				D11D7D4D25A76DCE00CA4369 /* SecondePage.swift */,
				D11D7D4125A76D9300CA4369 /* Assets.xcassets */,
				D11D7D4625A76D9300CA4369 /* Info.plist */,
				D11D7D4325A76D9300CA4369 /* Preview Content */,
			);
			path = "cw-12";
			sourceTree = "<group>";
		};
		D11D7D4325A76D9300CA4369 /* Preview Content */ = {
			isa = PBXGroup;
			children = (
				D11D7D4425A76D9300CA4369 /* Preview Assets.xcassets */,
			);
			path = "Preview Content";
			sourceTree = "<group>";
		};
/* End PBXGroup section */

/* Begin PBXNativeTarget section */
		D11D7D3925A76D9200CA4369 /* cw-12 */ = {
			isa = PBXNativeTarget;
			buildConfigurationList = D11D7D4925A76D9300CA4369 /* Build configuration list for PBXNativeTarget "cw-12" */;
			buildPhases = (
				D11D7D3625A76D9200CA4369 /* Sources */,
				D11D7D3725A76D9200CA4369 /* Frameworks */,
				D11D7D3825A76D9200CA4369 /* Resources */,
			);
			buildRules = (
			);
			dependencies = (
			);
			name = "cw-12";
			productName = "cw-12";
			productReference = D11D7D3A25A76D9200CA4369 /* cw-12.app */;
			productType = "com.apple.product-type.application";
		};
/* End PBXNativeTarget section */

/* Begin PBXProject section */
		D11D7D3225A76D9100CA4369 /* Project object */ = {
			isa = PBXProject;
			attributes = {
				LastSwiftUpdateCheck = 1230;
				LastUpgradeCheck = 1230;
				TargetAttributes = {
					D11D7D3925A76D9200CA4369 = {
						CreatedOnToolsVersion = 12.3;
					};
				};
			};
			buildConfigurationList = D11D7D3525A76D9100CA4369 /* Build configuration list for PBXProject "cw-12" */;
			compatibilityVersion = "Xcode 9.3";
			developmentRegion = en;
			hasScannedForEncodings = 0;
			knownRegions = (
				en,
				Base,
			);
			mainGroup = D11D7D3125A76D9100CA4369;
			productRefGroup = D11D7D3B25A76D9200CA4369 /* Products */;
			projectDirPath = "";
			projectRoot = "";
			targets = (
				D11D7D3925A76D9200CA4369 /* cw-12 */,
			);
		};
/* End PBXProject section */

/* Begin PBXResourcesBuildPhase section */
		D11D7D3825A76D9200CA4369 /* Resources */ = {
			isa = PBXResourcesBuildPhase;
			buildActionMask = 2147483647;
			files = (
				D11D7D4525A76D9300CA4369 /* Preview Assets.xcassets in Resources */,
				D11D7D4225A76D9300CA4369 /* Assets.xcassets in Resources */,
			);
			runOnlyForDeploymentPostprocessing = 0;
		};
/* End PBXResourcesBuildPhase section */

/* Begin PBXSourcesBuildPhase section */
		D11D7D3625A76D9200CA4369 /* Sources */ = {
			isa = PBXSourcesBuildPhase;
			buildActionMask = 2147483647;
			files = (
				D11D7D4025A76D9200CA4369 /* ContentView.swift in Sources */,
				D11D7D5125A77B4400CA4369 /* Env.swift in Sources */,
				D11D7D4E25A76DCE00CA4369 /* SecondePage.swift in Sources */,
				D11D7D3E25A76D9200CA4369 /* cw_12App.swift in Sources */,
			);
			runOnlyForDeploymentPostprocessing = 0;
		};
/* End PBXSourcesBuildPhase section */

/* Begin XCBuildConfiguration section */
		D11D7D4725A76D9300CA4369 /* Debug */ = {
			isa = XCBuildConfiguration;
			buildSettings = {
				ALWAYS_SEARCH_USER_PATHS = NO;
				CLANG_ANALYZER_NONNULL = YES;
				CLANG_ANALYZER_NUMBER_OBJECT_CONVERSION = YES_AGGRESSIVE;
				CLANG_CXX_LANGUAGE_STANDARD = "gnu++14";
				CLANG_CXX_LIBRARY = "libc++";
				CLANG_ENABLE_MODULES = YES;
				CLANG_ENABLE_OBJC_ARC = YES;
				CLANG_ENABLE_OBJC_WEAK = YES;
				CLANG_WARN_BLOCK_CAPTURE_AUTORELEASING = YES;
				CLANG_WARN_BOOL_CONVERSION = YES;
				CLANG_WARN_COMMA = YES;
				CLANG_WARN_CONSTANT_CONVERSION = YES;
				CLANG_WARN_DEPRECATED_OBJC_IMPLEMENTATIONS = YES;
				CLANG_WARN_DIRECT_OBJC_ISA_USAGE = YES_ERROR;
				CLANG_WARN_DOCUMENTATION_COMMENTS = YES;
				CLANG_WARN_EMPTY_BODY = YES;
				CLANG_WARN_ENUM_CONVERSION = YES;
				CLANG_WARN_INFINITE_RECURSION = YES;
				CLANG_WARN_INT_CONVERSION = YES;
				CLANG_WARN_NON_LITERAL_NULL_CONVERSION = YES;
				CLANG_WARN_OBJC_IMPLICIT_RETAIN_SELF = YES;
				CLANG_WARN_OBJC_LITERAL_CONVERSION = YES;
				CLANG_WARN_OBJC_ROOT_CLASS = YES_ERROR;
				CLANG_WARN_QUOTED_INCLUDE_IN_FRAMEWORK_HEADER = YES;
				CLANG_WARN_RANGE_LOOP_ANALYSIS = YES;
				CLANG_WARN_STRICT_PROTOTYPES = YES;
				CLANG_WARN_SUSPICIOUS_MOVE = YES;
				CLANG_WARN_UNGUARDED_AVAILABILITY = YES_AGGRESSIVE;
				CLANG_WARN_UNREACHABLE_CODE = YES;
				CLANG_WARN__DUPLICATE_METHOD_MATCH = YES;
				COPY_PHASE_STRIP = NO;
				DEBUG_INFORMATION_FORMAT = dwarf;
				ENABLE_STRICT_OBJC_MSGSEND = YES;
				ENABLE_TESTABILITY = YES;
				GCC_C_LANGUAGE_STANDARD = gnu11;
				GCC_DYNAMIC_NO_PIC = NO;
				GCC_NO_COMMON_BLOCKS = YES;
				GCC_OPTIMIZATION_LEVEL = 0;
				GCC_PREPROCESSOR_DEFINITIONS = (
					"DEBUG=1",
					"$(inherited)",
				);
				GCC_WARN_64_TO_32_BIT_CONVERSION = YES;
				GCC_WARN_ABOUT_RETURN_TYPE = YES_ERROR;
				GCC_WARN_UNDECLARED_SELECTOR = YES;
				GCC_WARN_UNINITIALIZED_AUTOS = YES_AGGRESSIVE;
				GCC_WARN_UNUSED_FUNCTION = YES;
				GCC_WARN_UNUSED_VARIABLE = YES;
				IPHONEOS_DEPLOYMENT_TARGET = 14.3;
				MTL_ENABLE_DEBUG_INFO = INCLUDE_SOURCE;
				MTL_FAST_MATH = YES;
				ONLY_ACTIVE_ARCH = YES;
				SDKROOT = iphoneos;
				SWIFT_ACTIVE_COMPILATION_CONDITIONS = DEBUG;
				SWIFT_OPTIMIZATION_LEVEL = "-Onone";
			};
			name = Debug;
		};
		D11D7D4825A76D9300CA4369 /* Release */ = {
			isa = XCBuildConfiguration;
			buildSettings = {
				ALWAYS_SEARCH_USER_PATHS = NO;
				CLANG_ANALYZER_NONNULL = YES;
				CLANG_ANALYZER_NUMBER_OBJECT_CONVERSION = YES_AGGRESSIVE;
				CLANG_CXX_LANGUAGE_STANDARD = "gnu++14";
				CLANG_CXX_LIBRARY = "libc++";
				CLANG_ENABLE_MODULES = YES;
				CLANG_ENABLE_OBJC_ARC = YES;
				CLANG_ENABLE_OBJC_WEAK = YES;
				CLANG_WARN_BLOCK_CAPTURE_AUTORELEASING = YES;
				CLANG_WARN_BOOL_CONVERSION = YES;
				CLANG_WARN_COMMA = YES;
				CLANG_WARN_CONSTANT_CONVERSION = YES;
				CLANG_WARN_DEPRECATED_OBJC_IMPLEMENTATIONS = YES;
				CLANG_WARN_DIRECT_OBJC_ISA_USAGE = YES_ERROR;
				CLANG_WARN_DOCUMENTATION_COMMENTS = YES;
				CLANG_WARN_EMPTY_BODY = YES;
				CLANG_WARN_ENUM_CONVERSION = YES;
				CLANG_WARN_INFINITE_RECURSION = YES;
				CLANG_WARN_INT_CONVERSION = YES;
				CLANG_WARN_NON_LITERAL_NULL_CONVERSION = YES;
				CLANG_WARN_OBJC_IMPLICIT_RETAIN_SELF = YES;
				CLANG_WARN_OBJC_LITERAL_CONVERSION = YES;
				CLANG_WARN_OBJC_ROOT_CLASS = YES_ERROR;
				CLANG_WARN_QUOTED_INCLUDE_IN_FRAMEWORK_HEADER = YES;
				CLANG_WARN_RANGE_LOOP_ANALYSIS = YES;
				CLANG_WARN_STRICT_PROTOTYPES = YES;
				CLANG_WARN_SUSPICIOUS_MOVE = YES;
				CLANG_WARN_UNGUARDED_AVAILABILITY = YES_AGGRESSIVE;
				CLANG_WARN_UNREACHABLE_CODE = YES;
				CLANG_WARN__DUPLICATE_METHOD_MATCH = YES;
				COPY_PHASE_STRIP = NO;
				DEBUG_INFORMATION_FORMAT = "dwarf-with-dsym";
				ENABLE_NS_ASSERTIONS = NO;
				ENABLE_STRICT_OBJC_MSGSEND = YES;
				GCC_C_LANGUAGE_STANDARD = gnu11;
				GCC_NO_COMMON_BLOCKS = YES;
				GCC_WARN_64_TO_32_BIT_CONVERSION = YES;
				GCC_WARN_ABOUT_RETURN_TYPE = YES_ERROR;
				GCC_WARN_UNDECLARED_SELECTOR = YES;
				GCC_WARN_UNINITIALIZED_AUTOS = YES_AGGRESSIVE;
				GCC_WARN_UNUSED_FUNCTION = YES;
				GCC_WARN_UNUSED_VARIABLE = YES;
				IPHONEOS_DEPLOYMENT_TARGET = 14.3;
				MTL_ENABLE_DEBUG_INFO = NO;
				MTL_FAST_MATH = YES;
				SDKROOT = iphoneos;
				SWIFT_COMPILATION_MODE = wholemodule;
				SWIFT_OPTIMIZATION_LEVEL = "-O";
				VALIDATE_PRODUCT = YES;
			};
			name = Release;
		};
		D11D7D4A25A76D9300CA4369 /* Debug */ = {
			isa = XCBuildConfiguration;
			buildSettings = {
				ASSETCATALOG_COMPILER_APPICON_NAME = AppIcon;
				ASSETCATALOG_COMPILER_GLOBAL_ACCENT_COLOR_NAME = AccentColor;
				CODE_SIGN_STYLE = Automatic;
				DEVELOPMENT_ASSET_PATHS = "\"cw-12/Preview Content\"";
				DEVELOPMENT_TEAM = 9WFD8JMGSF;
				ENABLE_PREVIEWS = YES;
				INFOPLIST_FILE = "cw-12/Info.plist";
				IPHONEOS_DEPLOYMENT_TARGET = 14.0;
				LD_RUNPATH_SEARCH_PATHS = (
					"$(inherited)",
					"@executable_path/Frameworks",
				);
				PRODUCT_BUNDLE_IDENTIFIER = "test.me.islam.cw-12";
				PRODUCT_NAME = "$(TARGET_NAME)";
				SWIFT_VERSION = 5.0;
				TARGETED_DEVICE_FAMILY = "1,2";
			};
			name = Debug;
		};
		D11D7D4B25A76D9300CA4369 /* Release */ = {
			isa = XCBuildConfiguration;
			buildSettings = {
				ASSETCATALOG_COMPILER_APPICON_NAME = AppIcon;
				ASSETCATALOG_COMPILER_GLOBAL_ACCENT_COLOR_NAME = AccentColor;
				CODE_SIGN_STYLE = Automatic;
				DEVELOPMENT_ASSET_PATHS = "\"cw-12/Preview Content\"";
				DEVELOPMENT_TEAM = 9WFD8JMGSF;
				ENABLE_PREVIEWS = YES;
				INFOPLIST_FILE = "cw-12/Info.plist";
				IPHONEOS_DEPLOYMENT_TARGET = 14.0;
				LD_RUNPATH_SEARCH_PATHS = (
					"$(inherited)",
					"@executable_path/Frameworks",
				);
				PRODUCT_BUNDLE_IDENTIFIER = "test.me.islam.cw-12";
				PRODUCT_NAME = "$(TARGET_NAME)";
				SWIFT_VERSION = 5.0;
				TARGETED_DEVICE_FAMILY = "1,2";
			};
			name = Release;
		};
/* End XCBuildConfiguration section */

/* Begin XCConfigurationList section */
		D11D7D3525A76D9100CA4369 /* Build configuration list for PBXProject "cw-12" */ = {
			isa = XCConfigurationList;
			buildConfigurations = (
				D11D7D4725A76D9300CA4369 /* Debug */,
				D11D7D4825A76D9300CA4369 /* Release */,
			);
			defaultConfigurationIsVisible = 0;
			defaultConfigurationName = Release;
		};
		D11D7D4925A76D9300CA4369 /* Build configuration list for PBXNativeTarget "cw-12" */ = {
			isa = XCConfigurationList;
			buildConfigurations = (
				D11D7D4A25A76D9300CA4369 /* Debug */,
				D11D7D4B25A76D9300CA4369 /* Release */,
			);
			defaultConfigurationIsVisible = 0;
			defaultConfigurationName = Release;
		};
/* End XCConfigurationList section */
	};
	rootObject = D11D7D3225A76D9100CA4369 /* Project object */;
}
